{
  "name": "ice-tag-tools",
  "version": "1.0.0",
  "lockfileVersion": 3,
  "requires": true,
  "packages": {
    "": {
      "name": "ice-tag-tools",
      "version": "1.0.0",
      "license": "ISC",
      "dependencies": {
        "dotenv": "^17.4.2",
        "revolt.js": "^7.2.0"
      }
    },
    "node_modules/@solid-primitives/map": {
      "version": "0.7.3",
      "resolved": "https://registry.npmjs.org/@solid-primitives/map/-/map-0.7.3.tgz",
      "integrity": "sha512-2Ach52ANEWYUKFtlrKWljrCtAHJwXnfNEvNfQwA+80nS/Bdw9fSumWQiRJNoDQLN0k5iEggWRBHd6vC/uqYKcA==",
      "license": "MIT",
      "dependencies": {
        "@solid-primitives/trigger": "^1.2.3"
      },
      "peerDependencies": {
        "solid-js": "^1.6.12"
      }
    },
    "node_modules/@solid-primitives/set": {
      "version": "0.7.3",
      "resolved": "https://registry.npmjs.org/@solid-primitives/set/-/set-0.7.3.tgz",
      "integrity": "sha512-Ipk8izBOfIjWxKfkW+la/4uDHCsOlK783g4lEyQzSFUrDUlNn1D7UMyUPSudK/HatgD8qOmVox9wMj2tNPNrrQ==",
      "license": "MIT",
      "dependencies": {
        "@solid-primitives/trigger": "^1.2.3"
      },
      "peerDependencies": {
        "solid-js": "^1.6.12"
      }
    },
    "node_modules/@solid-primitives/trigger": {
      "version": "1.2.3",
      "resolved": "https://registry.npmjs.org/@solid-primitives/trigger/-/trigger-1.2.3.tgz",
      "integrity": "sha512-Za2JebEiDyfamjmDwRaESYqBBYOlgYGzB8kHYH0QrkXyLf2qNADlKdGN+z3vWSLCTDcKxChS43Kssjuc0OZhng==",
      "license": "MIT",
      "dependencies": {
        "@solid-primitives/utils": "^6.4.0"
      },
      "peerDependencies": {
        "solid-js": "^1.6.12"
      }
    },
    "node_modules/@solid-primitives/utils": {
      "version": "6.4.0",
      "resolved": "https://registry.npmjs.org/@solid-primitives/utils/-/utils-6.4.0.tgz",
      "integrity": "sha512-AeGTBg8Wtkh/0s+evyLtP8piQoS4wyqqQaAFs2HJcFMMjYAtUgo+ZPduRXLjPlqKVc2ejeR544oeqpbn8Egn8A==",
      "license": "MIT",
      "peerDependencies": {
        "solid-js": "^1.6.12"
      }
    },
    "node_modules/@vladfrangu/async_event_emitter": {
      "version": "2.4.7",
      "resolved": "https://registry.npmjs.org/@vladfrangu/async_event_emitter/-/async_event_emitter-2.4.7.tgz",
      "integrity": "sha512-Xfe6rpCTxSxfbswi/W/Pz7zp1WWSNn4A0eW4mLkQUewCrXXtMj31lCg+iQyTkh/CkusZSq9eDflu7tjEDXUY6g==",
      "license": "MIT",
      "engines": {
        "node": ">=v14.0.0",
        "npm": ">=7.0.0"
      }
    },
    "node_modules/csstype": {
      "version": "3.2.3",
      "resolved": "https://registry.npmjs.org/csstype/-/csstype-3.2.3.tgz",
      "integrity": "sha512-z1HGKcYy2xA8AGQfwrn0PAy+PB7X/GSj3UVJW9qKyn43xWa+gl5nXmU4qqLMRzWVLFC8KusUX8T/0kCiOYpAIQ==",
      "license": "MIT"
    },
    "node_modules/dotenv": {
      "version": "17.4.2",
      "resolved": "https://registry.npmjs.org/dotenv/-/dotenv-17.4.2.tgz",
      "integrity": "sha512-nI4U3TottKAcAD9LLud4Cb7b2QztQMUEfHbvhTH09bqXTxnSie8WnjPALV/WMCrJZ6UV/qHJ6L03OqO3LcdYZw==",
      "license": "BSD-2-Clause",
      "engines": {
        "node": ">=12"
      },
      "funding": {
        "url": "https://dotenvx.com"
      }
    },
    "node_modules/revolt-api": {
      "version": "0.8.5-1",
      "resolved": "https://registry.npmjs.org/revolt-api/-/revolt-api-0.8.5-1.tgz",
      "integrity": "sha512-gMxs7X4O686w8fOsLIEmhID+gnjcPc3DuGRx9kxTG+lRouZgcL0eYs/BowcJo73/R6C4u4hedElzctzRj7sNig==",
      "license": "MIT"
    },
    "node_modules/revolt.js": {
      "version": "7.2.0",
      "resolved": "https://registry.npmjs.org/revolt.js/-/revolt.js-7.2.0.tgz",
      "integrity": "sha512-LCPUnsvxlrc2o/e4uLO0wyvlkzhSxNNOS9sttUE1X04sc8wziuhJ9JaXKR/8VztQ7XSGjBAJWFbTfVuYR0/aNA==",
      "license": "MIT",
      "dependencies": {
        "@solid-primitives/map": "^0.7.1",
        "@solid-primitives/set": "^0.7.1",
        "@vladfrangu/async_event_emitter": "^2.4.6",
        "revolt-api": "0.8.5-1",
        "solid-js": "^1.9.6",
        "ulid": "^2.4.0"
      }
    },
    "node_modules/seroval": {
      "version": "1.5.4",
      "resolved": "https://registry.npmjs.org/seroval/-/seroval-1.5.4.tgz",
      "integrity": "sha512-46uFvgrXTVxZcUorgSSRZ4y+ieqLLQRMlG4bnCZKW3qI6BZm7Rg4ntMW4p1mILEEBZWrFlcpp0AyIIlM6jD9iw==",
      "license": "MIT",
      "engines": {
        "node": ">=10"
      }
    },
    "node_modules/seroval-plugins": {
      "version": "1.5.4",
      "resolved": "https://registry.npmjs.org/seroval-plugins/-/seroval-plugins-1.5.4.tgz",
      "integrity": "sha512-S0xQPhUTefAhNvNWFg0c1J8qJArHt5KdtJ/cFAofo06KD1MVSeFWyl4iiu+ApDIuw0WhjpOfCdgConOfAnLgkw==",
      "license": "MIT",
      "engines": {
        "node": ">=10"
      },
      "peerDependencies": {
        "seroval": "^1.0"
      }
    },
    "node_modules/solid-js": {
      "version": "1.9.12",
      "resolved": "https://registry.npmjs.org/solid-js/-/solid-js-1.9.12.tgz",
      "integrity": "sha512-QzKaSJq2/iDrWR1As6MHZQ8fQkdOBf8GReYb7L5iKwMGceg7HxDcaOHk0at66tNgn9U2U7dXo8ZZpLIAmGMzgw==",
      "license": "MIT",
      "dependencies": {
        "csstype": "^3.1.0",
        "seroval": "~1.5.0",
        "seroval-plugins": "~1.5.0"
      }
    },
    "node_modules/ulid": {
      "version": "2.4.0",
      "resolved": "https://registry.npmjs.org/ulid/-/ulid-2.4.0.tgz",
      "integrity": "sha512-fIRiVTJNcSRmXKPZtGzFQv9WRrZ3M9eoptl/teFJvjOzmpU+/K/JH6HZ8deBfb5vMEpicJcLn7JmvdknlMq7Zg==",
      "license": "MIT",
      "bin": {
        "ulid": "bin/cli.js"
      }
    }
  }
}
